
Microsoft Visual Studio Solution File, Format Version 12.00
# Visual Studio 14
VisualStudioVersion = 14.0.25420.1
MinimumVisualStudioVersion = 10.0.40219.1
Project("{FAE04EC0-301F-11D3-BF4B-00C04F79EFBC}") = "SU15-Alg-Lab1-Bonus", "SU15-Alg-Lab1-Bonus\SU15-Alg-Lab1-Bonus.csproj", "{8F5407BE-FE2B-4C12-8DE5-9E750F2A5638}"
EndProject
Project("{FAE04EC0-301F-11D3-BF4B-00C04F79EFBC}") = "UnitTests", "UnitTests\UnitTests.csproj", "{CC4CE82E-C646-408D-9BE4-35619A96B251}"
EndProject
Project("{FAE04EC0-301F-11D3-BF4B-00C04F79EFBC}") = "Set", "..\..\SU15-Algorithms-GenericInterface\Set\Set.csproj", "{3EFF7EA1-988E-49F2-BDE4-55894FDA9F0F}"
EndProject
Global
	GlobalSection(SolutionConfigurationPlatforms) = preSolution
		Debug|Any CPU = Debug|Any CPU
		Release|Any CPU = Release|Any CPU
	EndGlobalSection
	GlobalSection(ProjectConfigurationPlatforms) = postSolution
		{8F5407BE-FE2B-4C12-8DE5-9E750F2A5638}.Debug|Any CPU.ActiveCfg = Debug|Any CPU
		{8F5407BE-FE2B-4C12-8DE5-9E750F2A5638}.Debug|Any CPU.Build.0 = Debug|Any CPU
		{8F5407BE-FE2B-4C12-8DE5-9E750F2A5638}.Release|Any CPU.ActiveCfg = Release|Any CPU
		{8F5407BE-FE2B-4C12-8DE5-9E750F2A5638}.Release|Any CPU.Build.0 = Release|Any CPU
		{CC4CE82E-C646-408D-9BE4-35619A96B251}.Debug|Any CPU.ActiveCfg = Debug|Any CPU
		{CC4CE82E-C646-408D-9BE4-35619A96B251}.Debug|Any CPU.Build.0 = Debug|Any CPU
		{CC4CE82E-C646-408D-9BE4-35619A96B251}.Release|Any CPU.ActiveCfg = Release|Any CPU
		{CC4CE82E-C646-408D-9BE4-35619A96B251}.Release|Any CPU.Build.0 = Release|Any CPU
		{3EFF7EA1-988E-49F2-BDE4-55894FDA9F0F}.Debug|Any CPU.ActiveCfg = Debug|Any CPU
		{3EFF7EA1-988E-49F2-BDE4-55894FDA9F0F}.Debug|Any CPU.Build.0 = Debug|Any CPU
		{3EFF7EA1-988E-49F2-BDE4-55894FDA9F0F}.Release|Any CPU.ActiveCfg = Release|Any CPU
		{3EFF7EA1-988E-49F2-BDE4-55894FDA9F0F}.Release|Any CPU.Build.0 = Release|Any CPU
	EndGlobalSection
	GlobalSection(SolutionProperties) = preSolution
		HideSolutionNode = FALSE
	EndGlobalSection
EndGlobal
